
Microsoft Visual Studio Solution File, Format Version 12.00
# Visual Studio Version 17
VisualStudioVersion = 17.4.33122.133
MinimumVisualStudioVersion = 10.0.40219.1
Project("{9A19103F-16F7-4668-BE54-9A1E7A4F7556}") = "Business.SourceGenerator", "Business.SourceGenerator\Business.SourceGenerator.csproj", "{EF8F3132-0B8A-47CB-96EB-B3BB53126F23}"
EndProject
Project("{9A19103F-16F7-4668-BE54-9A1E7A4F7556}") = "Business.SourceGenerator.Meta", "Business.SourceGenerator.Meta\Business.SourceGenerator.Meta.csproj", "{63353B91-1352-48AA-B77D-44D4CC5B8BA0}"
EndProject
Project("{9A19103F-16F7-4668-BE54-9A1E7A4F7556}") = "Business.SourceGenerator.UnitTest", "Business.SourceGenerator.UnitTest\Business.SourceGenerator.UnitTest.csproj", "{EBC073D5-2830-46DF-9B36-5D4FD89576EE}"
EndProject
Project("{9A19103F-16F7-4668-BE54-9A1E7A4F7556}") = "Business.SourceGenerator.Test", "Business.SourceGenerator.Test\Business.SourceGenerator.Test.csproj", "{F8358330-DD3E-4EF5-8C6C-39FE66898194}"
EndProject
Project("{FAE04EC0-301F-11D3-BF4B-00C04F79EFBC}") = "Business.SourceGenerator.Test.Console", "Business.SourceGenerator.Test.Console\Business.SourceGenerator.Test.Console.csproj", "{9832B66D-FF05-4D99-9996-B1371951B10F}"
EndProject
Global
	GlobalSection(SolutionConfigurationPlatforms) = preSolution
		Debug|Any CPU = Debug|Any CPU
		Release|Any CPU = Release|Any CPU
	EndGlobalSection
	GlobalSection(ProjectConfigurationPlatforms) = postSolution
		{EF8F3132-0B8A-47CB-96EB-B3BB53126F23}.Debug|Any CPU.ActiveCfg = Debug|Any CPU
		{EF8F3132-0B8A-47CB-96EB-B3BB53126F23}.Debug|Any CPU.Build.0 = Debug|Any CPU
		{EF8F3132-0B8A-47CB-96EB-B3BB53126F23}.Release|Any CPU.ActiveCfg = Release|Any CPU
		{EF8F3132-0B8A-47CB-96EB-B3BB53126F23}.Release|Any CPU.Build.0 = Release|Any CPU
		{63353B91-1352-48AA-B77D-44D4CC5B8BA0}.Debug|Any CPU.ActiveCfg = Debug|Any CPU
		{63353B91-1352-48AA-B77D-44D4CC5B8BA0}.Debug|Any CPU.Build.0 = Debug|Any CPU
		{63353B91-1352-48AA-B77D-44D4CC5B8BA0}.Release|Any CPU.ActiveCfg = Release|Any CPU
		{63353B91-1352-48AA-B77D-44D4CC5B8BA0}.Release|Any CPU.Build.0 = Release|Any CPU
		{EBC073D5-2830-46DF-9B36-5D4FD89576EE}.Debug|Any CPU.ActiveCfg = Debug|Any CPU
		{EBC073D5-2830-46DF-9B36-5D4FD89576EE}.Debug|Any CPU.Build.0 = Debug|Any CPU
		{EBC073D5-2830-46DF-9B36-5D4FD89576EE}.Release|Any CPU.ActiveCfg = Release|Any CPU
		{EBC073D5-2830-46DF-9B36-5D4FD89576EE}.Release|Any CPU.Build.0 = Release|Any CPU
		{F8358330-DD3E-4EF5-8C6C-39FE66898194}.Debug|Any CPU.ActiveCfg = Debug|Any CPU
		{F8358330-DD3E-4EF5-8C6C-39FE66898194}.Debug|Any CPU.Build.0 = Debug|Any CPU
		{F8358330-DD3E-4EF5-8C6C-39FE66898194}.Release|Any CPU.ActiveCfg = Release|Any CPU
		{F8358330-DD3E-4EF5-8C6C-39FE66898194}.Release|Any CPU.Build.0 = Release|Any CPU
		{9832B66D-FF05-4D99-9996-B1371951B10F}.Debug|Any CPU.ActiveCfg = Debug|Any CPU
		{9832B66D-FF05-4D99-9996-B1371951B10F}.Debug|Any CPU.Build.0 = Debug|Any CPU
		{9832B66D-FF05-4D99-9996-B1371951B10F}.Release|Any CPU.ActiveCfg = Release|Any CPU
		{9832B66D-FF05-4D99-9996-B1371951B10F}.Release|Any CPU.Build.0 = Release|Any CPU
	EndGlobalSection
	GlobalSection(SolutionProperties) = preSolution
		HideSolutionNode = FALSE
	EndGlobalSection
	GlobalSection(ExtensibilityGlobals) = postSolution
		SolutionGuid = {EC9D0FFB-A4CC-4FE7-9E01-8783ADCF869E}
	EndGlobalSection
EndGlobal
